
Microsoft Visual Studio Solution File, Format Version 12.00
# Visual Studio Version 17
VisualStudioVersion = 17.4.33110.190
MinimumVisualStudioVersion = 10.0.40219.1
Project("{FAE04EC0-301F-11D3-BF4B-00C04F79EFBC}") = "TimeNetDUT.Android", "TimeNetDUT\TimeNetDUT.Android\TimeNetDUT.Android.csproj", "{B35F6B03-F01D-4337-A47F-EA5DB50343E5}"
EndProject
Project("{FAE04EC0-301F-11D3-BF4B-00C04F79EFBC}") = "TimeNetDUT.iOS", "TimeNetDUT\TimeNetDUT.iOS\TimeNetDUT.iOS.csproj", "{47E09969-8C4E-433B-8306-5E3228C3268C}"
EndProject
Project("{FAE04EC0-301F-11D3-BF4B-00C04F79EFBC}") = "TimeNetDUT", "TimeNetDUT\TimeNetDUT\TimeNetDUT.csproj", "{77E942FA-2ABA-49FB-A039-D7E36E1FEE98}"
EndProject
Global
	GlobalSection(SolutionConfigurationPlatforms) = preSolution
		Debug|Any CPU = Debug|Any CPU
		Debug|iPhone = Debug|iPhone
		Debug|iPhoneSimulator = Debug|iPhoneSimulator
		Release|Any CPU = Release|Any CPU
		Release|iPhone = Release|iPhone
		Release|iPhoneSimulator = Release|iPhoneSimulator
	EndGlobalSection
	GlobalSection(ProjectConfigurationPlatforms) = postSolution
		{B35F6B03-F01D-4337-A47F-EA5DB50343E5}.Debug|Any CPU.ActiveCfg = Debug|Any CPU
		{B35F6B03-F01D-4337-A47F-EA5DB50343E5}.Debug|Any CPU.Build.0 = Debug|Any CPU
		{B35F6B03-F01D-4337-A47F-EA5DB50343E5}.Debug|Any CPU.Deploy.0 = Debug|Any CPU
		{B35F6B03-F01D-4337-A47F-EA5DB50343E5}.Debug|iPhone.ActiveCfg = Debug|Any CPU
		{B35F6B03-F01D-4337-A47F-EA5DB50343E5}.Debug|iPhone.Build.0 = Debug|Any CPU
		{B35F6B03-F01D-4337-A47F-EA5DB50343E5}.Debug|iPhone.Deploy.0 = Debug|Any CPU
		{B35F6B03-F01D-4337-A47F-EA5DB50343E5}.Debug|iPhoneSimulator.ActiveCfg = Debug|Any CPU
		{B35F6B03-F01D-4337-A47F-EA5DB50343E5}.Debug|iPhoneSimulator.Build.0 = Debug|Any CPU
		{B35F6B03-F01D-4337-A47F-EA5DB50343E5}.Debug|iPhoneSimulator.Deploy.0 = Debug|Any CPU
		{B35F6B03-F01D-4337-A47F-EA5DB50343E5}.Release|Any CPU.ActiveCfg = Release|Any CPU
		{B35F6B03-F01D-4337-A47F-EA5DB50343E5}.Release|Any CPU.Build.0 = Release|Any CPU
		{B35F6B03-F01D-4337-A47F-EA5DB50343E5}.Release|Any CPU.Deploy.0 = Release|Any CPU
		{B35F6B03-F01D-4337-A47F-EA5DB50343E5}.Release|iPhone.ActiveCfg = Release|Any CPU
		{B35F6B03-F01D-4337-A47F-EA5DB50343E5}.Release|iPhone.Build.0 = Release|Any CPU
		{B35F6B03-F01D-4337-A47F-EA5DB50343E5}.Release|iPhone.Deploy.0 = Release|Any CPU
		{B35F6B03-F01D-4337-A47F-EA5DB50343E5}.Release|iPhoneSimulator.ActiveCfg = Release|Any CPU
		{B35F6B03-F01D-4337-A47F-EA5DB50343E5}.Release|iPhoneSimulator.Build.0 = Release|Any CPU
		{B35F6B03-F01D-4337-A47F-EA5DB50343E5}.Release|iPhoneSimulator.Deploy.0 = Release|Any CPU
		{47E09969-8C4E-433B-8306-5E3228C3268C}.Debug|Any CPU.ActiveCfg = Debug|iPhone
		{47E09969-8C4E-433B-8306-5E3228C3268C}.Debug|Any CPU.Build.0 = Debug|iPhone
		{47E09969-8C4E-433B-8306-5E3228C3268C}.Debug|Any CPU.Deploy.0 = Debug|iPhone
		{47E09969-8C4E-433B-8306-5E3228C3268C}.Debug|iPhone.ActiveCfg = Debug|iPhone
		{47E09969-8C4E-433B-8306-5E3228C3268C}.Debug|iPhone.Build.0 = Debug|iPhone
		{47E09969-8C4E-433B-8306-5E3228C3268C}.Debug|iPhone.Deploy.0 = Debug|iPhone
		{47E09969-8C4E-433B-8306-5E3228C3268C}.Debug|iPhoneSimulator.ActiveCfg = Debug|iPhoneSimulator
		{47E09969-8C4E-433B-8306-5E3228C3268C}.Debug|iPhoneSimulator.Build.0 = Debug|iPhoneSimulator
		{47E09969-8C4E-433B-8306-5E3228C3268C}.Debug|iPhoneSimulator.Deploy.0 = Debug|iPhoneSimulator
		{47E09969-8C4E-433B-8306-5E3228C3268C}.Release|Any CPU.ActiveCfg = Release|iPhoneSimulator
		{47E09969-8C4E-433B-8306-5E3228C3268C}.Release|Any CPU.Build.0 = Release|iPhoneSimulator
		{47E09969-8C4E-433B-8306-5E3228C3268C}.Release|Any CPU.Deploy.0 = Release|iPhoneSimulator
		{47E09969-8C4E-433B-8306-5E3228C3268C}.Release|iPhone.ActiveCfg = Release|iPhone
		{47E09969-8C4E-433B-8306-5E3228C3268C}.Release|iPhone.Build.0 = Release|iPhone
		{47E09969-8C4E-433B-8306-5E3228C3268C}.Release|iPhone.Deploy.0 = Release|iPhone
		{47E09969-8C4E-433B-8306-5E3228C3268C}.Release|iPhoneSimulator.ActiveCfg = Release|iPhoneSimulator
		{47E09969-8C4E-433B-8306-5E3228C3268C}.Release|iPhoneSimulator.Build.0 = Release|iPhoneSimulator
		{47E09969-8C4E-433B-8306-5E3228C3268C}.Release|iPhoneSimulator.Deploy.0 = Release|iPhoneSimulator
		{77E942FA-2ABA-49FB-A039-D7E36E1FEE98}.Debug|Any CPU.ActiveCfg = Debug|Any CPU
		{77E942FA-2ABA-49FB-A039-D7E36E1FEE98}.Debug|Any CPU.Build.0 = Debug|Any CPU
		{77E942FA-2ABA-49FB-A039-D7E36E1FEE98}.Debug|Any CPU.Deploy.0 = Debug|Any CPU
		{77E942FA-2ABA-49FB-A039-D7E36E1FEE98}.Debug|iPhone.ActiveCfg = Debug|Any CPU
		{77E942FA-2ABA-49FB-A039-D7E36E1FEE98}.Debug|iPhone.Build.0 = Debug|Any CPU
		{77E942FA-2ABA-49FB-A039-D7E36E1FEE98}.Debug|iPhone.Deploy.0 = Debug|Any CPU
		{77E942FA-2ABA-49FB-A039-D7E36E1FEE98}.Debug|iPhoneSimulator.ActiveCfg = Debug|Any CPU
		{77E942FA-2ABA-49FB-A039-D7E36E1FEE98}.Debug|iPhoneSimulator.Build.0 = Debug|Any CPU
		{77E942FA-2ABA-49FB-A039-D7E36E1FEE98}.Debug|iPhoneSimulator.Deploy.0 = Debug|Any CPU
		{77E942FA-2ABA-49FB-A039-D7E36E1FEE98}.Release|Any CPU.ActiveCfg = Release|Any CPU
		{77E942FA-2ABA-49FB-A039-D7E36E1FEE98}.Release|Any CPU.Build.0 = Release|Any CPU
		{77E942FA-2ABA-49FB-A039-D7E36E1FEE98}.Release|Any CPU.Deploy.0 = Release|Any CPU
		{77E942FA-2ABA-49FB-A039-D7E36E1FEE98}.Release|iPhone.ActiveCfg = Release|Any CPU
		{77E942FA-2ABA-49FB-A039-D7E36E1FEE98}.Release|iPhone.Build.0 = Release|Any CPU
		{77E942FA-2ABA-49FB-A039-D7E36E1FEE98}.Release|iPhone.Deploy.0 = Release|Any CPU
		{77E942FA-2ABA-49FB-A039-D7E36E1FEE98}.Release|iPhoneSimulator.ActiveCfg = Release|Any CPU
		{77E942FA-2ABA-49FB-A039-D7E36E1FEE98}.Release|iPhoneSimulator.Build.0 = Release|Any CPU
		{77E942FA-2ABA-49FB-A039-D7E36E1FEE98}.Release|iPhoneSimulator.Deploy.0 = Release|Any CPU
	EndGlobalSection
	GlobalSection(SolutionProperties) = preSolution
		HideSolutionNode = FALSE
	EndGlobalSection
	GlobalSection(ExtensibilityGlobals) = postSolution
		SolutionGuid = {D5FC5C70-7795-4061-9E9F-D5A05ED5B7ED}
	EndGlobalSection
EndGlobal
